
Microsoft Visual Studio Solution File, Format Version 12.00
# Visual Studio Version 17
VisualStudioVersion = 17.8.34525.116
MinimumVisualStudioVersion = 10.0.40219.1
Project("{FAE04EC0-301F-11D3-BF4B-00C04F79EFBC}") = "DailyReportAssignment", "DailyReportAssignment\DailyReportAssignment.csproj", "{C76C9BC5-B78C-411E-B859-6819440DE431}"
EndProject
Project("{FAE04EC0-301F-11D3-BF4B-00C04F79EFBC}") = "ConsoleMathAssignment", "ConsoleMathAssignment\ConsoleMathAssignment.csproj", "{6800FD46-65FE-401A-96B1-B7B5C9DF0238}"
EndProject
Project("{FAE04EC0-301F-11D3-BF4B-00C04F79EFBC}") = "Assignments", "Assignments\Assignments.csproj", "{5AE7F634-2354-46D1-A037-229B9F7F6B70}"
EndProject
Project("{FAE04EC0-301F-11D3-BF4B-00C04F79EFBC}") = "BooleanLogicAssignment", "BooleanLogicAssignment\BooleanLogicAssignment.csproj", "{E27547EA-9BE1-45FB-8C7E-6B22FCE5DB24}"
EndProject
Project("{FAE04EC0-301F-11D3-BF4B-00C04F79EFBC}") = "BranchingAssignment", "BranchingAssignment\BranchingAssignment.csproj", "{D7CDDBEE-BA09-42E6-B92D-6D0296D2AD29}"
EndProject
Project("{FAE04EC0-301F-11D3-BF4B-00C04F79EFBC}") = "MathAndComparisonAssignment", "MathAndComparisonAssignment\MathAndComparisonAssignment.csproj", "{CDD60912-111B-4844-9CCD-0FD3438D93C7}"
EndProject
Global
	GlobalSection(SolutionConfigurationPlatforms) = preSolution
		Debug|Any CPU = Debug|Any CPU
		Release|Any CPU = Release|Any CPU
	EndGlobalSection
	GlobalSection(ProjectConfigurationPlatforms) = postSolution
		{C76C9BC5-B78C-411E-B859-6819440DE431}.Debug|Any CPU.ActiveCfg = Debug|Any CPU
		{C76C9BC5-B78C-411E-B859-6819440DE431}.Debug|Any CPU.Build.0 = Debug|Any CPU
		{C76C9BC5-B78C-411E-B859-6819440DE431}.Release|Any CPU.ActiveCfg = Release|Any CPU
		{C76C9BC5-B78C-411E-B859-6819440DE431}.Release|Any CPU.Build.0 = Release|Any CPU
		{6800FD46-65FE-401A-96B1-B7B5C9DF0238}.Debug|Any CPU.ActiveCfg = Debug|Any CPU
		{6800FD46-65FE-401A-96B1-B7B5C9DF0238}.Debug|Any CPU.Build.0 = Debug|Any CPU
		{6800FD46-65FE-401A-96B1-B7B5C9DF0238}.Release|Any CPU.ActiveCfg = Release|Any CPU
		{6800FD46-65FE-401A-96B1-B7B5C9DF0238}.Release|Any CPU.Build.0 = Release|Any CPU
		{5AE7F634-2354-46D1-A037-229B9F7F6B70}.Debug|Any CPU.ActiveCfg = Debug|Any CPU
		{5AE7F634-2354-46D1-A037-229B9F7F6B70}.Debug|Any CPU.Build.0 = Debug|Any CPU
		{5AE7F634-2354-46D1-A037-229B9F7F6B70}.Release|Any CPU.ActiveCfg = Release|Any CPU
		{5AE7F634-2354-46D1-A037-229B9F7F6B70}.Release|Any CPU.Build.0 = Release|Any CPU
		{E27547EA-9BE1-45FB-8C7E-6B22FCE5DB24}.Debug|Any CPU.ActiveCfg = Debug|Any CPU
		{E27547EA-9BE1-45FB-8C7E-6B22FCE5DB24}.Debug|Any CPU.Build.0 = Debug|Any CPU
		{E27547EA-9BE1-45FB-8C7E-6B22FCE5DB24}.Release|Any CPU.ActiveCfg = Release|Any CPU
		{E27547EA-9BE1-45FB-8C7E-6B22FCE5DB24}.Release|Any CPU.Build.0 = Release|Any CPU
		{D7CDDBEE-BA09-42E6-B92D-6D0296D2AD29}.Debug|Any CPU.ActiveCfg = Debug|Any CPU
		{D7CDDBEE-BA09-42E6-B92D-6D0296D2AD29}.Debug|Any CPU.Build.0 = Debug|Any CPU
		{D7CDDBEE-BA09-42E6-B92D-6D0296D2AD29}.Release|Any CPU.ActiveCfg = Release|Any CPU
		{D7CDDBEE-BA09-42E6-B92D-6D0296D2AD29}.Release|Any CPU.Build.0 = Release|Any CPU
		{CDD60912-111B-4844-9CCD-0FD3438D93C7}.Debug|Any CPU.ActiveCfg = Debug|Any CPU
		{CDD60912-111B-4844-9CCD-0FD3438D93C7}.Debug|Any CPU.Build.0 = Debug|Any CPU
		{CDD60912-111B-4844-9CCD-0FD3438D93C7}.Release|Any CPU.ActiveCfg = Release|Any CPU
		{CDD60912-111B-4844-9CCD-0FD3438D93C7}.Release|Any CPU.Build.0 = Release|Any CPU
	EndGlobalSection
	GlobalSection(SolutionProperties) = preSolution
		HideSolutionNode = FALSE
	EndGlobalSection
	GlobalSection(ExtensibilityGlobals) = postSolution
		SolutionGuid = {B24B1838-3B3D-42F6-B13A-9424CA37D946}
	EndGlobalSection
EndGlobal
